lockfileVersion: 5.3

specifiers:
  '@types/jquery': ^3.5.13
  '@types/node': ^17.0.18

dependencies:
  '@types/jquery': registry.npmmirror.com/@types/jquery/3.5.13

devDependencies:
  '@types/node': registry.npmmirror.com/@types/node/17.0.18

packages:

  registry.npmmirror.com/@types/jquery/3.5.13:
    resolution: {integrity: sha512-ZxJrup8nz/ZxcU0vantG+TPdboMhB24jad2uSap50zE7Q9rUeYlCF25kFMSmHR33qoeOgqcdHEp3roaookC0Sg==, registry: https://registry.npm.taobao.org/, tarball: https://registry.npmmirror.com/@types/jquery/-/jquery-3.5.13.tgz}
    name: '@types/jquery'
    version: 3.5.13
    dependencies:
      '@types/sizzle': registry.npmmirror.com/@types/sizzle/2.3.3
    dev: false

  registry.npmmirror.com/@types/node/17.0.18:
    resolution: {integrity: sha512-eKj4f/BsN/qcculZiRSujogjvp5O/k4lOW5m35NopjZM/QwLOR075a8pJW5hD+Rtdm2DaCVPENS6KtSQnUD6BA==, registry: https://registry.npm.taobao.org/, tarball: https://registry.npmmirror.com/@types/node/-/node-17.0.18.tgz}
    name: '@types/node'
    version: 17.0.18
    dev: true

  registry.npmmirror.com/@types/sizzle/2.3.3:
    resolution: {integrity: sha512-JYM8x9EGF163bEyhdJBpR2QX1R5naCJHC8ucJylJ3w9/CVBaskdQ8WqBf8MmQrd1kRvp/a4TS8HJ+bxzR7ZJYQ==, registry: https://registry.npm.taobao.org/, tarball: https://registry.npmmirror.com/@types/sizzle/-/sizzle-2.3.3.tgz}
    name: '@types/sizzle'
    version: 2.3.3
    dev: false
